
Microsoft Visual Studio Solution File, Format Version 12.00
# Visual Studio Version 17
VisualStudioVersion = 17.7.34009.444
MinimumVisualStudioVersion = 10.0.40219.1
Project("{9A19103F-16F7-4668-BE54-9A1E7A4F7556}") = "MentVox.Application", "MentVox.Application\MentVox.Application.csproj", "{0ACEF306-A3E6-456A-92C7-A609EF846639}"
EndProject
Project("{9A19103F-16F7-4668-BE54-9A1E7A4F7556}") = "MentVox.Core", "Mentvox.Core\MentVox.Core.csproj", "{5A1C5D2A-240C-4CD5-B7CA-0C4D4846F1DE}"
EndProject
Project("{9A19103F-16F7-4668-BE54-9A1E7A4F7556}") = "MentVox.Data", "MentVox.Data\MentVox.Data.csproj", "{EB0393FC-1B58-4347-B31B-DE38DDE99757}"
EndProject
Project("{9A19103F-16F7-4668-BE54-9A1E7A4F7556}") = "MentVox.Service", "MentVox.Service\MentVox.Service.csproj", "{20AB8911-100E-457D-ADDB-9DA0BA7028CB}"
EndProject
Global
	GlobalSection(SolutionConfigurationPlatforms) = preSolution
		Debug|Any CPU = Debug|Any CPU
		Release|Any CPU = Release|Any CPU
	EndGlobalSection
	GlobalSection(ProjectConfigurationPlatforms) = postSolution
		{0ACEF306-A3E6-456A-92C7-A609EF846639}.Debug|Any CPU.ActiveCfg = Debug|Any CPU
		{0ACEF306-A3E6-456A-92C7-A609EF846639}.Debug|Any CPU.Build.0 = Debug|Any CPU
		{0ACEF306-A3E6-456A-92C7-A609EF846639}.Release|Any CPU.ActiveCfg = Release|Any CPU
		{0ACEF306-A3E6-456A-92C7-A609EF846639}.Release|Any CPU.Build.0 = Release|Any CPU
		{5A1C5D2A-240C-4CD5-B7CA-0C4D4846F1DE}.Debug|Any CPU.ActiveCfg = Debug|Any CPU
		{5A1C5D2A-240C-4CD5-B7CA-0C4D4846F1DE}.Debug|Any CPU.Build.0 = Debug|Any CPU
		{5A1C5D2A-240C-4CD5-B7CA-0C4D4846F1DE}.Release|Any CPU.ActiveCfg = Release|Any CPU
		{5A1C5D2A-240C-4CD5-B7CA-0C4D4846F1DE}.Release|Any CPU.Build.0 = Release|Any CPU
		{EB0393FC-1B58-4347-B31B-DE38DDE99757}.Debug|Any CPU.ActiveCfg = Debug|Any CPU
		{EB0393FC-1B58-4347-B31B-DE38DDE99757}.Debug|Any CPU.Build.0 = Debug|Any CPU
		{EB0393FC-1B58-4347-B31B-DE38DDE99757}.Release|Any CPU.ActiveCfg = Release|Any CPU
		{EB0393FC-1B58-4347-B31B-DE38DDE99757}.Release|Any CPU.Build.0 = Release|Any CPU
		{20AB8911-100E-457D-ADDB-9DA0BA7028CB}.Debug|Any CPU.ActiveCfg = Debug|Any CPU
		{20AB8911-100E-457D-ADDB-9DA0BA7028CB}.Debug|Any CPU.Build.0 = Debug|Any CPU
		{20AB8911-100E-457D-ADDB-9DA0BA7028CB}.Release|Any CPU.ActiveCfg = Release|Any CPU
		{20AB8911-100E-457D-ADDB-9DA0BA7028CB}.Release|Any CPU.Build.0 = Release|Any CPU
	EndGlobalSection
	GlobalSection(SolutionProperties) = preSolution
		HideSolutionNode = FALSE
	EndGlobalSection
	GlobalSection(ExtensibilityGlobals) = postSolution
		SolutionGuid = {F0D19AC7-EC71-4217-AD7B-4CB6A0FAD99E}
	EndGlobalSection
EndGlobal
